
Microsoft Visual Studio Solution File, Format Version 11.00
# Visual Studio 2010
Project("{FAE04EC0-301F-11D3-BF4B-00C04F79EFBC}") = "MoiGioi_Money10", "MoiGioi_Money10\MoiGioi_Money10.csproj", "{A6B227E5-4941-47AD-B71D-D6C749CE6B34}"
EndProject
Global
	GlobalSection(SolutionConfigurationPlatforms) = preSolution
		Debug|Any CPU = Debug|Any CPU
		Release|Any CPU = Release|Any CPU
	EndGlobalSection
	GlobalSection(ProjectConfigurationPlatforms) = postSolution
		{A6B227E5-4941-47AD-B71D-D6C749CE6B34}.Debug|Any CPU.ActiveCfg = Debug|Any CPU
		{A6B227E5-4941-47AD-B71D-D6C749CE6B34}.Debug|Any CPU.Build.0 = Debug|Any CPU
		{A6B227E5-4941-47AD-B71D-D6C749CE6B34}.Release|Any CPU.ActiveCfg = Release|Any CPU
		{A6B227E5-4941-47AD-B71D-D6C749CE6B34}.Release|Any CPU.Build.0 = Release|Any CPU
	EndGlobalSection
	GlobalSection(SolutionProperties) = preSolution
		HideSolutionNode = FALSE
	EndGlobalSection
EndGlobal
