
Microsoft Visual Studio Solution File, Format Version 11.00
# Visual Studio 2010
Project("{FAE04EC0-301F-11D3-BF4B-00C04F79EFBC}") = "WSWorkFlow", "WSWorkFlow\WSWorkFlow.csproj", "{001D3514-F5E0-480C-9709-09B49A62FA30}"
EndProject
Global
	GlobalSection(SolutionConfigurationPlatforms) = preSolution
		Debug|Any CPU = Debug|Any CPU
		Release|Any CPU = Release|Any CPU
	EndGlobalSection
	GlobalSection(ProjectConfigurationPlatforms) = postSolution
		{001D3514-F5E0-480C-9709-09B49A62FA30}.Debug|Any CPU.ActiveCfg = Debug|Any CPU
		{001D3514-F5E0-480C-9709-09B49A62FA30}.Debug|Any CPU.Build.0 = Debug|Any CPU
		{001D3514-F5E0-480C-9709-09B49A62FA30}.Release|Any CPU.ActiveCfg = Release|Any CPU
		{001D3514-F5E0-480C-9709-09B49A62FA30}.Release|Any CPU.Build.0 = Release|Any CPU
	EndGlobalSection
	GlobalSection(SolutionProperties) = preSolution
		HideSolutionNode = FALSE
	EndGlobalSection
EndGlobal
